PODS:
  - SKWorldCurrencies (1.0.0)
  - SwiftGen (6.0.0)
  - SwiftKnife (3.1.0)

DEPENDENCIES:
  - SKWorldCurrencies (= 1.0)
  - SwiftGen (= 6.0)
  - SwiftKnife (~> 3.1)

SPEC REPOS:
  https://github.com/CocoaPods/Specs.git:
    - SKWorldCurrencies
    - SwiftGen
    - SwiftKnife

SPEC CHECKSUMS:
  SKWorldCurrencies: 89d07329cccf34451940243cd6135869ca0dddb1
  SwiftGen: cd0bb0c9838c3fc90b78d35b19f492711b19eb55
  SwiftKnife: 4eb317bb7b183d4a143a396c004697b764ed45ae

PODFILE CHECKSUM: 8551946acfc081adf95c96c35dbaf5dd2cc565c4

COCOAPODS: 1.8.3
